// !$*UTF8*$!
{
	archiveVersion = 1;
	classes = {
	};
	objectVersion = 46;
	objects = {

/* Begin PBXBuildFile section */
		06917B841D8AFBC300BF86AA /* AppDelegate.swift in Sources */ = {isa = PBXBuildFile; fileRef = 06917B831D8AFBC300BF86AA /* AppDelegate.swift */; };
		06917B861D8AFBC300BF86AA /* FeedViewController.swift in Sources */ = {isa = PBXBuildFile; fileRef = 06917B851D8AFBC300BF86AA /* FeedViewController.swift */; };
		06917B891D8AFBC300BF86AA /* Main.storyboard in Resources */ = {isa = PBXBuildFile; fileRef = 06917B871D8AFBC300BF86AA /* Main.storyboard */; };
		06917B8C1D8AFBC300BF86AA /* Solestride_Show.xcdatamodeld in Sources */ = {isa = PBXBuildFile; fileRef = 06917B8A1D8AFBC300BF86AA /* Solestride_Show.xcdatamodeld */; };
		06917B8E1D8AFBC300BF86AA /* Assets.xcassets in Resources */ = {isa = PBXBuildFile; fileRef = 06917B8D1D8AFBC300BF86AA /* Assets.xcassets */; };
		06917B911D8AFBC300BF86AA /* LaunchScreen.storyboard in Resources */ = {isa = PBXBuildFile; fileRef = 06917B8F1D8AFBC300BF86AA /* LaunchScreen.storyboard */; };
		06917B9C1D8AFBC300BF86AA /* Solestride_ShowTests.swift in Sources */ = {isa = PBXBuildFile; fileRef = 06917B9B1D8AFBC300BF86AA /* Solestride_ShowTests.swift */; };
		06917BA71D8AFBC300BF86AA /* Solestride_ShowUITests.swift in Sources */ = {isa = PBXBuildFile; fileRef = 06917BA61D8AFBC300BF86AA /* Solestride_ShowUITests.swift */; };
		06917C5F1D90524B008ED985 /* RouteClass.swift in Sources */ = {isa = PBXBuildFile; fileRef = 06917C5E1D90524B008ED985 /* RouteClass.swift */; };
		06917C611D91A62F008ED985 /* FeedDetailViewController.swift in Sources */ = {isa = PBXBuildFile; fileRef = 06917C601D91A62F008ED985 /* FeedDetailViewController.swift */; };
/* End PBXBuildFile section */

/* Begin PBXContainerItemProxy section */
		06917B981D8AFBC300BF86AA /* PBXContainerItemProxy */ = {
			isa = PBXContainerItemProxy;
			containerPortal = 06917B781D8AFBC300BF86AA /* Project object */;
			proxyType = 1;
			remoteGlobalIDString = 06917B7F1D8AFBC300BF86AA;
			remoteInfo = Solestride_Show;
		};
		06917BA31D8AFBC300BF86AA /* PBXContainerItemProxy */ = {
			isa = PBXContainerItemProxy;
			containerPortal = 06917B781D8AFBC300BF86AA /* Project object */;
			proxyType = 1;
			remoteGlobalIDString = 06917B7F1D8AFBC300BF86AA;
			remoteInfo = Solestride_Show;
		};
/* End PBXContainerItemProxy section */

/* Begin PBXFileReference section */
		06917B801D8AFBC300BF86AA /* Solestride_Show.app */ = {isa = PBXFileReference; explicitFileType = wrapper.application; includeInIndex = 0; path = Solestride_Show.app; sourceTree = BUILT_PRODUCTS_DIR; };
		06917B831D8AFBC300BF86AA /* AppDelegate.swift */ = {isa = PBXFileReference; lastKnownFileType = sourcecode.swift; path = AppDelegate.swift; sourceTree = "<group>"; };
		06917B851D8AFBC300BF86AA /* FeedViewController.swift */ = {isa = PBXFileReference; lastKnownFileType = sourcecode.swift; path = FeedViewController.swift; sourceTree = "<group>"; };
		06917B881D8AFBC300BF86AA /* Base */ = {isa = PBXFileReference; lastKnownFileType = file.storyboard; name = Base; path = Base.lproj/Main.storyboard; sourceTree = "<group>"; };
		06917B8B1D8AFBC300BF86AA /* Solestride_Show.xcdatamodel */ = {isa = PBXFileReference; lastKnownFileType = wrapper.xcdatamodel; path = Solestride_Show.xcdatamodel; sourceTree = "<group>"; };
		06917B8D1D8AFBC300BF86AA /* Assets.xcassets */ = {isa = PBXFileReference; lastKnownFileType = folder.assetcatalog; path = Assets.xcassets; sourceTree = "<group>"; };
		06917B901D8AFBC300BF86AA /* Base */ = {isa = PBXFileReference; lastKnownFileType = file.storyboard; name = Base; path = Base.lproj/LaunchScreen.storyboard; sourceTree = "<group>"; };
		06917B921D8AFBC300BF86AA /* Info.plist */ = {isa = PBXFileReference; lastKnownFileType = text.plist.xml; path = Info.plist; sourceTree = "<group>"; };
		06917B971D8AFBC300BF86AA /* Solestride_ShowTests.xctest */ = {isa = PBXFileReference; explicitFileType = wrapper.cfbundle; includeInIndex = 0; path = Solestride_ShowTests.xctest; sourceTree = BUILT_PRODUCTS_DIR; };
		06917B9B1D8AFBC300BF86AA /* Solestride_ShowTests.swift */ = {isa = PBXFileReference; lastKnownFileType = sourcecode.swift; path = Solestride_ShowTests.swift; sourceTree = "<group>"; };
		06917B9D1D8AFBC300BF86AA /* Info.plist */ = {isa = PBXFileReference; lastKnownFileType = text.plist.xml; path = Info.plist; sourceTree = "<group>"; };
		06917BA21D8AFBC300BF86AA /* Solestride_ShowUITests.xctest */ = {isa = PBXFileReference; explicitFileType = wrapper.cfbundle; includeInIndex = 0; path = Solestride_ShowUITests.xctest; sourceTree = BUILT_PRODUCTS_DIR; };
		06917BA61D8AFBC300BF86AA /* Solestride_ShowUITests.swift */ = {isa = PBXFileReference; lastKnownFileType = sourcecode.swift; path = Solestride_ShowUITests.swift; sourceTree = "<group>"; };
		06917BA81D8AFBC300BF86AA /* Info.plist */ = {isa = PBXFileReference; lastKnownFileType = text.plist.xml; path = Info.plist; sourceTree = "<group>"; };
		06917C5E1D90524B008ED985 /* RouteClass.swift */ = {isa = PBXFileReference; fileEncoding = 4; lastKnownFileType = sourcecode.swift; path = RouteClass.swift; sourceTree = "<group>"; };
		06917C601D91A62F008ED985 /* FeedDetailViewController.swift */ = {isa = PBXFileReference; fileEncoding = 4; lastKnownFileType = sourcecode.swift; path = FeedDetailViewController.swift; sourceTree = "<group>"; };
/* End PBXFileReference section */

/* Begin PBXFrameworksBuildPhase section */
		06917B7D1D8AFBC300BF86AA /* Frameworks */ = {
			isa = PBXFrameworksBuildPhase;
			buildActionMask = 2147483647;
			files = (
			);
			runOnlyForDeploymentPostprocessing = 0;
		};
		06917B941D8AFBC300BF86AA /* Frameworks */ = {
			isa = PBXFrameworksBuildPhase;
			buildActionMask = 2147483647;
			files = (
			);
			runOnlyForDeploymentPostprocessing = 0;
		};
		06917B9F1D8AFBC300BF86AA /* Frameworks */ = {
			isa = PBXFrameworksBuildPhase;
			buildActionMask = 2147483647;
			files = (
			);
			runOnlyForDeploymentPostprocessing = 0;
		};
/* End PBXFrameworksBuildPhase section */

/* Begin PBXGroup section */
		06917B771D8AFBC300BF86AA = {
			isa = PBXGroup;
			children = (
				06917B821D8AFBC300BF86AA /* Solestride_Show */,
				06917B9A1D8AFBC300BF86AA /* Solestride_ShowTests */,
				06917BA51D8AFBC300BF86AA /* Solestride_ShowUITests */,
				06917B811D8AFBC300BF86AA /* Products */,
			);
			sourceTree = "<group>";
		};
		06917B811D8AFBC300BF86AA /* Products */ = {
			isa = PBXGroup;
			children = (
				06917B801D8AFBC300BF86AA /* Solestride_Show.app */,
				06917B971D8AFBC300BF86AA /* Solestride_ShowTests.xctest */,
				06917BA21D8AFBC300BF86AA /* Solestride_ShowUITests.xctest */,
			);
			name = Products;
			sourceTree = "<group>";
		};
		06917B821D8AFBC300BF86AA /* Solestride_Show */ = {
			isa = PBXGroup;
			children = (
				06917B831D8AFBC300BF86AA /* AppDelegate.swift */,
				06917B851D8AFBC300BF86AA /* FeedViewController.swift */,
				06917B871D8AFBC300BF86AA /* Main.storyboard */,
				06917C601D91A62F008ED985 /* FeedDetailViewController.swift */,
				06917C5E1D90524B008ED985 /* RouteClass.swift */,
				06917B8D1D8AFBC300BF86AA /* Assets.xcassets */,
				06917B8F1D8AFBC300BF86AA /* LaunchScreen.storyboard */,
				06917B921D8AFBC300BF86AA /* Info.plist */,
				06917B8A1D8AFBC300BF86AA /* Solestride_Show.xcdatamodeld */,
			);
			path = Solestride_Show;
			sourceTree = "<group>";
		};
		06917B9A1D8AFBC300BF86AA /* Solestride_ShowTests */ = {
			isa = PBXGroup;
			children = (
				06917B9B1D8AFBC300BF86AA /* Solestride_ShowTests.swift */,
				06917B9D1D8AFBC300BF86AA /* Info.plist */,
			);
			path = Solestride_ShowTests;
			sourceTree = "<group>";
		};
		06917BA51D8AFBC300BF86AA /* Solestride_ShowUITests */ = {
			isa = PBXGroup;
			children = (
				06917BA61D8AFBC300BF86AA /* Solestride_ShowUITests.swift */,
				06917BA81D8AFBC300BF86AA /* Info.plist */,
			);
			path = Solestride_ShowUITests;
			sourceTree = "<group>";
		};
/* End PBXGroup section */

/* Begin PBXNativeTarget section */
		06917B7F1D8AFBC300BF86AA /* Solestride_Show */ = {
			isa = PBXNativeTarget;
			buildConfigurationList = 06917BAB1D8AFBC300BF86AA /* Build configuration list for PBXNativeTarget "Solestride_Show" */;
			buildPhases = (
				06917B7C1D8AFBC300BF86AA /* Sources */,
				06917B7D1D8AFBC300BF86AA /* Frameworks */,
				06917B7E1D8AFBC300BF86AA /* Resources */,
			);
			buildRules = (
			);
			dependencies = (
			);
			name = Solestride_Show;
			productName = Solestride_Show;
			productReference = 06917B801D8AFBC300BF86AA /* Solestride_Show.app */;
			productType = "com.apple.product-type.application";
		};
		06917B961D8AFBC300BF86AA /* Solestride_ShowTests */ = {
			isa = PBXNativeTarget;
			buildConfigurationList = 06917BAE1D8AFBC300BF86AA /* Build configuration list for PBXNativeTarget "Solestride_ShowTests" */;
			buildPhases = (
				06917B931D8AFBC300BF86AA /* Sources */,
				06917B941D8AFBC300BF86AA /* Frameworks */,
				06917B951D8AFBC300BF86AA /* Resources */,
			);
			buildRules = (
			);
			dependencies = (
				06917B991D8AFBC300BF86AA /* PBXTargetDependency */,
			);
			name = Solestride_ShowTests;
			productName = Solestride_ShowTests;
			productReference = 06917B971D8AFBC300BF86AA /* Solestride_ShowTests.xctest */;
			productType = "com.apple.product-type.bundle.unit-test";
		};
		06917BA11D8AFBC300BF86AA /* Solestride_ShowUITests */ = {
			isa = PBXNativeTarget;
			buildConfigurationList = 06917BB11D8AFBC300BF86AA /* Build configuration list for PBXNativeTarget "Solestride_ShowUITests" */;
			buildPhases = (
				06917B9E1D8AFBC300BF86AA /* Sources */,
				06917B9F1D8AFBC300BF86AA /* Frameworks */,
				06917BA01D8AFBC300BF86AA /* Resources */,
			);
			buildRules = (
			);
			dependencies = (
				06917BA41D8AFBC300BF86AA /* PBXTargetDependency */,
			);
			name = Solestride_ShowUITests;
			productName = Solestride_ShowUITests;
			productReference = 06917BA21D8AFBC300BF86AA /* Solestride_ShowUITests.xctest */;
			productType = "com.apple.product-type.bundle.ui-testing";
		};
/* End PBXNativeTarget section */

/* Begin PBXProject section */
		06917B781D8AFBC300BF86AA /* Project object */ = {
			isa = PBXProject;
			attributes = {
				LastSwiftUpdateCheck = 0800;
				LastUpgradeCheck = 0800;
				ORGANIZATIONNAME = "Keenan Rebera";
				TargetAttributes = {
					06917B7F1D8AFBC300BF86AA = {
						CreatedOnToolsVersion = 8.0;
						DevelopmentTeam = KBXLMXZ64B;
						ProvisioningStyle = Automatic;
					};
					06917B961D8AFBC300BF86AA = {
						CreatedOnToolsVersion = 8.0;
						ProvisioningStyle = Automatic;
						TestTargetID = 06917B7F1D8AFBC300BF86AA;
					};
					06917BA11D8AFBC300BF86AA = {
						CreatedOnToolsVersion = 8.0;
						ProvisioningStyle = Automatic;
						TestTargetID = 06917B7F1D8AFBC300BF86AA;
					};
				};
			};
			buildConfigurationList = 06917B7B1D8AFBC300BF86AA /* Build configuration list for PBXProject "Solestride_Show" */;
			compatibilityVersion = "Xcode 3.2";
			developmentRegion = English;
			hasScannedForEncodings = 0;
			knownRegions = (
				en,
				Base,
			);
			mainGroup = 06917B771D8AFBC300BF86AA;
			productRefGroup = 06917B811D8AFBC300BF86AA /* Products */;
			projectDirPath = "";
			projectRoot = "";
			targets = (
				06917B7F1D8AFBC300BF86AA /* Solestride_Show */,
				06917B961D8AFBC300BF86AA /* Solestride_ShowTests */,
				06917BA11D8AFBC300BF86AA /* Solestride_ShowUITests */,
			);
		};
/* End PBXProject section */

/* Begin PBXResourcesBuildPhase section */
		06917B7E1D8AFBC300BF86AA /* Resources */ = {
			isa = PBXResourcesBuildPhase;
			buildActionMask = 2147483647;
			files = (
				06917B911D8AFBC300BF86AA /* LaunchScreen.storyboard in Resources */,
				06917B8E1D8AFBC300BF86AA /* Assets.xcassets in Resources */,
				06917B891D8AFBC300BF86AA /* Main.storyboard in Resources */,
			);
			runOnlyForDeploymentPostprocessing = 0;
		};
		06917B951D8AFBC300BF86AA /* Resources */ = {
			isa = PBXResourcesBuildPhase;
			buildActionMask = 2147483647;
			files = (
			);
			runOnlyForDeploymentPostprocessing = 0;
		};
		06917BA01D8AFBC300BF86AA /* Resources */ = {
			isa = PBXResourcesBuildPhase;
			buildActionMask = 2147483647;
			files = (
			);
			runOnlyForDeploymentPostprocessing = 0;
		};
/* End PBXResourcesBuildPhase section */

/* Begin PBXSourcesBuildPhase section */
		06917B7C1D8AFBC300BF86AA /* Sources */ = {
			isa = PBXSourcesBuildPhase;
			buildActionMask = 2147483647;
			files = (
				06917C5F1D90524B008ED985 /* RouteClass.swift in Sources */,
				06917B861D8AFBC300BF86AA /* FeedViewController.swift in Sources */,
				06917B8C1D8AFBC300BF86AA /* Solestride_Show.xcdatamodeld in Sources */,
				06917B841D8AFBC300BF86AA /* AppDelegate.swift in Sources */,
				06917C611D91A62F008ED985 /* FeedDetailViewController.swift in Sources */,
			);
			runOnlyForDeploymentPostprocessing = 0;
		};
		06917B931D8AFBC300BF86AA /* Sources */ = {
			isa = PBXSourcesBuildPhase;
			buildActionMask = 2147483647;
			files = (
				06917B9C1D8AFBC300BF86AA /* Solestride_ShowTests.swift in Sources */,
			);
			runOnlyForDeploymentPostprocessing = 0;
		};
		06917B9E1D8AFBC300BF86AA /* Sources */ = {
			isa = PBXSourcesBuildPhase;
			buildActionMask = 2147483647;
			files = (
				06917BA71D8AFBC300BF86AA /* Solestride_ShowUITests.swift in Sources */,
			);
			runOnlyForDeploymentPostprocessing = 0;
		};
/* End PBXSourcesBuildPhase section */

/* Begin PBXTargetDependency section */
		06917B991D8AFBC300BF86AA /* PBXTargetDependency */ = {
			isa = PBXTargetDependency;
			target = 06917B7F1D8AFBC300BF86AA /* Solestride_Show */;
			targetProxy = 06917B981D8AFBC300BF86AA /* PBXContainerItemProxy */;
		};
		06917BA41D8AFBC300BF86AA /* PBXTargetDependency */ = {
			isa = PBXTargetDependency;
			target = 06917B7F1D8AFBC300BF86AA /* Solestride_Show */;
			targetProxy = 06917BA31D8AFBC300BF86AA /* PBXContainerItemProxy */;
		};
/* End PBXTargetDependency section */

/* Begin PBXVariantGroup section */
		06917B871D8AFBC300BF86AA /* Main.storyboard */ = {
			isa = PBXVariantGroup;
			children = (
				06917B881D8AFBC300BF86AA /* Base */,
			);
			name = Main.storyboard;
			sourceTree = "<group>";
		};
		06917B8F1D8AFBC300BF86AA /* LaunchScreen.storyboard */ = {
			isa = PBXVariantGroup;
			children = (
				06917B901D8AFBC300BF86AA /* Base */,
			);
			name = LaunchScreen.storyboard;
			sourceTree = "<group>";
		};
/* End PBXVariantGroup section */

/* Begin XCBuildConfiguration section */
		06917BA91D8AFBC300BF86AA /* Debug */ = {
			isa = XCBuildConfiguration;
			buildSettings = {
				ALWAYS_SEARCH_USER_PATHS = NO;
				CLANG_ANALYZER_NONNULL = YES;
				CLANG_CXX_LANGUAGE_STANDARD = "gnu++0x";
				CLANG_CXX_LIBRARY = "libc++";
				CLANG_ENABLE_MODULES = YES;
				CLANG_ENABLE_OBJC_ARC = YES;
				CLANG_WARN_BOOL_CONVERSION = YES;
				CLANG_WARN_CONSTANT_CONVERSION = YES;
				CLANG_WARN_DIRECT_OBJC_ISA_USAGE = YES_ERROR;
				CLANG_WARN_DOCUMENTATION_COMMENTS = YES;
				CLANG_WARN_EMPTY_BODY = YES;
				CLANG_WARN_ENUM_CONVERSION = YES;
				CLANG_WARN_INFINITE_RECURSION = YES;
				CLANG_WARN_INT_CONVERSION = YES;
				CLANG_WARN_OBJC_ROOT_CLASS = YES_ERROR;
				CLANG_WARN_SUSPICIOUS_MOVES = YES;
				CLANG_WARN_UNREACHABLE_CODE = YES;
				CLANG_WARN__DUPLICATE_METHOD_MATCH = YES;
				"CODE_SIGN_IDENTITY[sdk=iphoneos*]" = "iPhone Developer";
				COPY_PHASE_STRIP = NO;
				DEBUG_INFORMATION_FORMAT = dwarf;
				ENABLE_STRICT_OBJC_MSGSEND = YES;
				ENABLE_TESTABILITY = YES;
				GCC_C_LANGUAGE_STANDARD = gnu99;
				GCC_DYNAMIC_NO_PIC = NO;
				GCC_NO_COMMON_BLOCKS = YES;
				GCC_OPTIMIZATION_LEVEL = 0;
				GCC_PREPROCESSOR_DEFINITIONS = (
					"DEBUG=1",
					"$(inherited)",
				);
				GCC_WARN_64_TO_32_BIT_CONVERSION = YES;
				GCC_WARN_ABOUT_RETURN_TYPE = YES_ERROR;
				GCC_WARN_UNDECLARED_SELECTOR = YES;
				GCC_WARN_UNINITIALIZED_AUTOS = YES_AGGRESSIVE;
				GCC_WARN_UNUSED_FUNCTION = YES;
				GCC_WARN_UNUSED_VARIABLE = YES;
				IPHONEOS_DEPLOYMENT_TARGET = 10.0;
				MTL_ENABLE_DEBUG_INFO = YES;
				ONLY_ACTIVE_ARCH = YES;
				SDKROOT = iphoneos;
				SWIFT_ACTIVE_COMPILATION_CONDITIONS = DEBUG;
				SWIFT_OPTIMIZATION_LEVEL = "-Onone";
			};
			name = Debug;
		};
		06917BAA1D8AFBC300BF86AA /* Release */ = {
			isa = XCBuildConfiguration;
			buildSettings = {
				ALWAYS_SEARCH_USER_PATHS = NO;
				CLANG_ANALYZER_NONNULL = YES;
				CLANG_CXX_LANGUAGE_STANDARD = "gnu++0x";
				CLANG_CXX_LIBRARY = "libc++";
				CLANG_ENABLE_MODULES = YES;
				CLANG_ENABLE_OBJC_ARC = YES;
				CLANG_WARN_BOOL_CONVERSION = YES;
				CLANG_WARN_CONSTANT_CONVERSION = YES;
				CLANG_WARN_DIRECT_OBJC_ISA_USAGE = YES_ERROR;
				CLANG_WARN_DOCUMENTATION_COMMENTS = YES;
				CLANG_WARN_EMPTY_BODY = YES;
				CLANG_WARN_ENUM_CONVERSION = YES;
				CLANG_WARN_INFINITE_RECURSION = YES;
				CLANG_WARN_INT_CONVERSION = YES;
				CLANG_WARN_OBJC_ROOT_CLASS = YES_ERROR;
				CLANG_WARN_SUSPICIOUS_MOVES = YES;
				CLANG_WARN_UNREACHABLE_CODE = YES;
				CLANG_WARN__DUPLICATE_METHOD_MATCH = YES;
				"CODE_SIGN_IDENTITY[sdk=iphoneos*]" = "iPhone Developer";
				COPY_PHASE_STRIP = NO;
				DEBUG_INFORMATION_FORMAT = "dwarf-with-dsym";
				ENABLE_NS_ASSERTIONS = NO;
				ENABLE_STRICT_OBJC_MSGSEND = YES;
				GCC_C_LANGUAGE_STANDARD = gnu99;
				GCC_NO_COMMON_BLOCKS = YES;
				GCC_WARN_64_TO_32_BIT_CONVERSION = YES;
				GCC_WARN_ABOUT_RETURN_TYPE = YES_ERROR;
				GCC_WARN_UNDECLARED_SELECTOR = YES;
				GCC_WARN_UNINITIALIZED_AUTOS = YES_AGGRESSIVE;
				GCC_WARN_UNUSED_FUNCTION = YES;
				GCC_WARN_UNUSED_VARIABLE = YES;
				IPHONEOS_DEPLOYMENT_TARGET = 10.0;
				MTL_ENABLE_DEBUG_INFO = NO;
				SDKROOT = iphoneos;
				SWIFT_OPTIMIZATION_LEVEL = "-Owholemodule";
				VALIDATE_PRODUCT = YES;
			};
			name = Release;
		};
		06917BAC1D8AFBC300BF86AA /* Debug */ = {
			isa = XCBuildConfiguration;
			buildSettings = {
				ASSETCATALOG_COMPILER_APPICON_NAME = AppIcon;
				DEVELOPMENT_TEAM = KBXLMXZ64B;
				INFOPLIST_FILE = Solestride_Show/Info.plist;
				LD_RUNPATH_SEARCH_PATHS = "$(inherited) @executable_path/Frameworks";
				PRODUCT_BUNDLE_IDENTIFIER = "com.KeenanRebera.Solestride-Show";
				PRODUCT_NAME = "$(TARGET_NAME)";
				SWIFT_VERSION = 3.0;
			};
			name = Debug;
		};
		06917BAD1D8AFBC300BF86AA /* Release */ = {
			isa = XCBuildConfiguration;
			buildSettings = {
				ASSETCATALOG_COMPILER_APPICON_NAME = AppIcon;
				DEVELOPMENT_TEAM = KBXLMXZ64B;
				INFOPLIST_FILE = Solestride_Show/Info.plist;
				LD_RUNPATH_SEARCH_PATHS = "$(inherited) @executable_path/Frameworks";
				PRODUCT_BUNDLE_IDENTIFIER = "com.KeenanRebera.Solestride-Show";
				PRODUCT_NAME = "$(TARGET_NAME)";
				SWIFT_VERSION = 3.0;
			};
			name = Release;
		};
		06917BAF1D8AFBC300BF86AA /* Debug */ = {
			isa = XCBuildConfiguration;
			buildSettings = {
				ALWAYS_EMBED_SWIFT_STANDARD_LIBRARIES = YES;
				BUNDLE_LOADER = "$(TEST_HOST)";
				INFOPLIST_FILE = Solestride_ShowTests/Info.plist;
				LD_RUNPATH_SEARCH_PATHS = "$(inherited) @executable_path/Frameworks @loader_path/Frameworks";
				PRODUCT_BUNDLE_IDENTIFIER = "com.KeenanRebera.Solestride-ShowTests";
				PRODUCT_NAME = "$(TARGET_NAME)";
				SWIFT_VERSION = 3.0;
				TEST_HOST = "$(BUILT_PRODUCTS_DIR)/Solestride_Show.app/Solestride_Show";
			};
			name = Debug;
		};
		06917BB01D8AFBC300BF86AA /* Release */ = {
			isa = XCBuildConfiguration;
			buildSettings = {
				ALWAYS_EMBED_SWIFT_STANDARD_LIBRARIES = YES;
				BUNDLE_LOADER = "$(TEST_HOST)";
				INFOPLIST_FILE = Solestride_ShowTests/Info.plist;
				LD_RUNPATH_SEARCH_PATHS = "$(inherited) @executable_path/Frameworks @loader_path/Frameworks";
				PRODUCT_BUNDLE_IDENTIFIER = "com.KeenanRebera.Solestride-ShowTests";
				PRODUCT_NAME = "$(TARGET_NAME)";
				SWIFT_VERSION = 3.0;
				TEST_HOST = "$(BUILT_PRODUCTS_DIR)/Solestride_Show.app/Solestride_Show";
			};
			name = Release;
		};
		06917BB21D8AFBC300BF86AA /* Debug */ = {
			isa = XCBuildConfiguration;
			buildSettings = {
				ALWAYS_EMBED_SWIFT_STANDARD_LIBRARIES = YES;
				INFOPLIST_FILE = Solestride_ShowUITests/Info.plist;
				LD_RUNPATH_SEARCH_PATHS = "$(inherited) @executable_path/Frameworks @loader_path/Frameworks";
				PRODUCT_BUNDLE_IDENTIFIER = "com.KeenanRebera.Solestride-ShowUITests";
				PRODUCT_NAME = "$(TARGET_NAME)";
				SWIFT_VERSION = 3.0;
				TEST_TARGET_NAME = Solestride_Show;
			};
			name = Debug;
		};
		06917BB31D8AFBC300BF86AA /* Release */ = {
			isa = XCBuildConfiguration;
			buildSettings = {
				ALWAYS_EMBED_SWIFT_STANDARD_LIBRARIES = YES;
				INFOPLIST_FILE = Solestride_ShowUITests/Info.plist;
				LD_RUNPATH_SEARCH_PATHS = "$(inherited) @executable_path/Frameworks @loader_path/Frameworks";
				PRODUCT_BUNDLE_IDENTIFIER = "com.KeenanRebera.Solestride-ShowUITests";
				PRODUCT_NAME = "$(TARGET_NAME)";
				SWIFT_VERSION = 3.0;
				TEST_TARGET_NAME = Solestride_Show;
			};
			name = Release;
		};
/* End XCBuildConfiguration section */

/* Begin XCConfigurationList section */
		06917B7B1D8AFBC300BF86AA /* Build configuration list for PBXProject "Solestride_Show" */ = {
			isa = XCConfigurationList;
			buildConfigurations = (
				06917BA91D8AFBC300BF86AA /* Debug */,
				06917BAA1D8AFBC300BF86AA /* Release */,
			);
			defaultConfigurationIsVisible = 0;
			defaultConfigurationName = Release;
		};
		06917BAB1D8AFBC300BF86AA /* Build configuration list for PBXNativeTarget "Solestride_Show" */ = {
			isa = XCConfigurationList;
			buildConfigurations = (
				06917BAC1D8AFBC300BF86AA /* Debug */,
				06917BAD1D8AFBC300BF86AA /* Release */,
			);
			defaultConfigurationIsVisible = 0;
			defaultConfigurationName = Release;
		};
		06917BAE1D8AFBC300BF86AA /* Build configuration list for PBXNativeTarget "Solestride_ShowTests" */ = {
			isa = XCConfigurationList;
			buildConfigurations = (
				06917BAF1D8AFBC300BF86AA /* Debug */,
				06917BB01D8AFBC300BF86AA /* Release */,
			);
			defaultConfigurationIsVisible = 0;
			defaultConfigurationName = Release;
		};
		06917BB11D8AFBC300BF86AA /* Build configuration list for PBXNativeTarget "Solestride_ShowUITests" */ = {
			isa = XCConfigurationList;
			buildConfigurations = (
				06917BB21D8AFBC300BF86AA /* Debug */,
				06917BB31D8AFBC300BF86AA /* Release */,
			);
			defaultConfigurationIsVisible = 0;
			defaultConfigurationName = Release;
		};
/* End XCConfigurationList section */

/* Begin XCVersionGroup section */
		06917B8A1D8AFBC300BF86AA /* Solestride_Show.xcdatamodeld */ = {
			isa = XCVersionGroup;
			children = (
				06917B8B1D8AFBC300BF86AA /* Solestride_Show.xcdatamodel */,
			);
			currentVersion = 06917B8B1D8AFBC300BF86AA /* Solestride_Show.xcdatamodel */;
			path = Solestride_Show.xcdatamodeld;
			sourceTree = "<group>";
			versionGroupType = wrapper.xcdatamodel;
		};
/* End XCVersionGroup section */
	};
	rootObject = 06917B781D8AFBC300BF86AA /* Project object */;
}
